PODS:
  - adforus_greenp_plugin (1.0.6):
    - Flutter
    - GreenPOfferWall (= 4.1.0)
  - adforus_uad_adapter (1.0.3):
    - Flutter
    - UAdKit (= 2.5.0)
  - Flutter (1.0.0)
  - Google-Mobile-Ads-SDK (12.14.0):
    - GoogleUserMessagingPlatform (>= 1.1)
  - google_mobile_ads (7.0.0):
    - Flutter
    - Google-Mobile-Ads-SDK (~> 12.14.0)
    - webview_flutter_wkwebview
  - GoogleUserMessagingPlatform (3.1.0)
  - GreenPOfferWall (4.1.0)
  - UAdKit (2.5.0):
    - Google-Mobile-Ads-SDK (< 13.0.1, >= 12.4.0)
  - webview_flutter_wkwebview (0.0.1):
    - Flutter
    - FlutterMacOS

DEPENDENCIES:
  - adforus_greenp_plugin (from `.symlinks/plugins/adforus_greenp_plugin/ios`)
  - adforus_uad_adapter (from `.symlinks/plugins/adforus_uad_adapter/ios`)
  - Flutter (from `Flutter`)
  - google_mobile_ads (from `.symlinks/plugins/google_mobile_ads/ios`)
  - webview_flutter_wkwebview (from `.symlinks/plugins/webview_flutter_wkwebview/darwin`)

SPEC REPOS:
  trunk:
    - Google-Mobile-Ads-SDK
    - GoogleUserMessagingPlatform
    - GreenPOfferWall
    - UAdKit

EXTERNAL SOURCES:
  adforus_greenp_plugin:
    :path: ".symlinks/plugins/adforus_greenp_plugin/ios"
  adforus_uad_adapter:
    :path: ".symlinks/plugins/adforus_uad_adapter/ios"
  Flutter:
    :path: Flutter
  google_mobile_ads:
    :path: ".symlinks/plugins/google_mobile_ads/ios"
  webview_flutter_wkwebview:
    :path: ".symlinks/plugins/webview_flutter_wkwebview/darwin"

SPEC CHECKSUMS:
  adforus_greenp_plugin: 10452949352df1cc0ede12fe854ee67d19208cfe
  adforus_uad_adapter: 62c76fb9996c873ff3a5d1b65930b45269458286
  Flutter: cabc95a1d2626b1b06e7179b784ebcf0c0cde467
  Google-Mobile-Ads-SDK: 4534fd2dfcd3f705c5485a6633c5188d03d4eed2
  google_mobile_ads: df3008bafbe1f2ad6862f87334e560d2f047f902
  GoogleUserMessagingPlatform: befe603da6501006420c206222acd449bba45a9c
  GreenPOfferWall: 81ac0d202c95b74c43b5fe794fff8f5d1b968c46
  UAdKit: 0b064eb0c36e912fa6ac822a30033af86cc758f0
  webview_flutter_wkwebview: 8ebf4fded22593026f7dbff1fbff31ea98573c8d

PODFILE CHECKSUM: f33aa550183fbacd65d302baf875ebeddc23d8b2

COCOAPODS: 1.16.2
